{
  "lockfile_version": "1",
  "packages": {
    "bacon": {
      "resolved": "github:NixOS/nixpkgs/9b008d60392981ad674e04016d25619281550a9d?narHash=sha256-mgFxAPLWw0Kq%2BC8P3dRrZrOYEQXOtKuYVlo9xvPntt8%3D#bacon",
      "source": "nixpkg",
      "systems": {
        "x86_64-linux": {
          "outputs": [
            {
              "path": "/nix/store/0qzlkickgrmn3996h4ji5wnqvk6y51fx-bacon-3.16.0",
              "default": true
            }
          ]
        }
      }
    },
    "cargo-audit": {
      "resolved": "github:NixOS/nixpkgs/9b008d60392981ad674e04016d25619281550a9d?narHash=sha256-mgFxAPLWw0Kq%2BC8P3dRrZrOYEQXOtKuYVlo9xvPntt8%3D#cargo-audit",
      "source": "nixpkg",
      "systems": {
        "x86_64-linux": {
          "outputs": [
            {
              "path": "/nix/store/dml722nsnkgrk61zy244r7p82nffcwqh-cargo-audit-0.21.2",
              "default": true
            }
          ]
        }
      }
    },
    "cargo-bloat": {
      "resolved": "github:NixOS/nixpkgs/9b008d60392981ad674e04016d25619281550a9d?narHash=sha256-mgFxAPLWw0Kq%2BC8P3dRrZrOYEQXOtKuYVlo9xvPntt8%3D#cargo-bloat",
      "source": "nixpkg",
      "systems": {
        "x86_64-linux": {
          "outputs": [
            {
              "path": "/nix/store/ypga609ack0msbfh1q3nqbn3vj24dkms-cargo-bloat-0.12.1",
              "default": true
            }
          ]
        }
      }
    },
    "cargo-nextest": {
      "resolved": "github:NixOS/nixpkgs/9b008d60392981ad674e04016d25619281550a9d?narHash=sha256-mgFxAPLWw0Kq%2BC8P3dRrZrOYEQXOtKuYVlo9xvPntt8%3D#cargo-nextest",
      "source": "nixpkg",
      "systems": {
        "x86_64-linux": {
          "outputs": [
            {
              "path": "/nix/store/fkc15gnwj4rhvgdgj4zfndh5370swrbj-cargo-nextest-0.9.99",
              "default": true
            }
          ]
        }
      }
    },
    "cargo-udeps": {
      "resolved": "github:NixOS/nixpkgs/9b008d60392981ad674e04016d25619281550a9d?narHash=sha256-mgFxAPLWw0Kq%2BC8P3dRrZrOYEQXOtKuYVlo9xvPntt8%3D#cargo-udeps",
      "source": "nixpkg",
      "systems": {
        "x86_64-linux": {
          "outputs": [
            {
              "path": "/nix/store/ky3fqs9rrxdgr7d0pw39k3iyw4h3qkc8-cargo-udeps-0.1.57",
              "default": true
            }
          ]
        }
      }
    },
    "cargo-watch": {
      "resolved": "github:NixOS/nixpkgs/9b008d60392981ad674e04016d25619281550a9d?narHash=sha256-mgFxAPLWw0Kq%2BC8P3dRrZrOYEQXOtKuYVlo9xvPntt8%3D#cargo-watch",
      "source": "nixpkg",
      "systems": {
        "x86_64-linux": {
          "outputs": [
            {
              "path": "/nix/store/6mrk1rqh2mwnlbyws0z2xb9dvdkfry4c-cargo-watch-8.5.3",
              "default": true
            }
          ]
        }
      }
    },
    "github:NixOS/nixpkgs/nixpkgs-unstable": {
      "last_modified": "2025-08-05T11:35:34Z",
      "resolved": "github:NixOS/nixpkgs/a683adc19ff5228af548c6539dbc3440509bfed3?lastModified=1754393734&narHash=sha256-fbnmAwTQkuXHKBlcL5Nq1sMAzd3GFqCOQgEQw6Hy0Ak%3D"
    },
    "libiconv": {
      "resolved": "github:NixOS/nixpkgs/a683adc19ff5228af548c6539dbc3440509bfed3?narHash=sha256-fbnmAwTQkuXHKBlcL5Nq1sMAzd3GFqCOQgEQw6Hy0Ak%3D#libiconv",
      "source": "nixpkg",
      "systems": {
        "x86_64-linux": {
          "outputs": [
            {
              "path": "/nix/store/01kpygqq1mhqjw4x0qbf42lmn8cnwkiy-glibc-iconv-2.40",
              "default": true
            }
          ]
        }
      }
    },
    "openssl": {
      "resolved": "github:NixOS/nixpkgs/9b008d60392981ad674e04016d25619281550a9d?narHash=sha256-mgFxAPLWw0Kq%2BC8P3dRrZrOYEQXOtKuYVlo9xvPntt8%3D#openssl",
      "source": "nixpkg",
      "systems": {
        "x86_64-linux": {
          "outputs": [
            {
              "name": "bin",
              "path": "/nix/store/74k8qwbfa6lm8psm2vjh2vj04fpr6c5g-openssl-3.4.1-bin",
              "default": true
            },
            {
              "name": "man",
              "path": "/nix/store/shm46nzsw9w122ij46y59br44p18lb0l-openssl-3.4.1-man",
              "default": true
            }
          ]
        }
      }
    },
    "pkg-config": {
      "resolved": "github:NixOS/nixpkgs/9b008d60392981ad674e04016d25619281550a9d?narHash=sha256-mgFxAPLWw0Kq%2BC8P3dRrZrOYEQXOtKuYVlo9xvPntt8%3D#pkg-config",
      "source": "nixpkg",
      "systems": {
        "x86_64-linux": {
          "outputs": [
            {
              "name": "man",
              "path": "/nix/store/91h890wwnhhim2mqcqc5zma429y5a1bs-pkg-config-wrapper-0.29.2-man",
              "default": true
            },
            {
              "path": "/nix/store/h5khrpnjj3fb182sc32fx1z75w0lhksy-pkg-config-wrapper-0.29.2",
              "default": true
            }
          ]
        }
      }
    }
  }
}
